<?xml version="1.0" encoding="utf-8"?>
<Project ToolsVersion="4.0" xmlns="http://schemas.microsoft.com/developer/msbuild/2003">
  <ItemGroup>
    <Filter Include="소스 파일">
      <UniqueIdentifier>{4FC737F1-C7A5-4376-A066-2A32D752A2FF}</UniqueIdentifier>
      <Extensions>cpp;c;cc;cxx;def;odl;idl;hpj;bat;asm;asmx</Extensions>
    </Filter>
    <Filter Include="헤더 파일">
      <UniqueIdentifier>{93995380-89BD-4b04-88EB-625FBE52EBFB}</UniqueIdentifier>
      <Extensions>h;hh;hpp;hxx;hm;inl;inc;xsd</Extensions>
    </Filter>
    <Filter Include="리소스 파일">
      <UniqueIdentifier>{67DA6AB6-F800-4c08-8B7A-83BB121AAD01}</UniqueIdentifier>
      <Extensions>rc;ico;cur;bmp;dlg;rc2;rct;bin;rgs;gif;jpg;jpeg;jpe;resx;tiff;tif;png;wav;mfcribbon-ms</Extensions>
    </Filter>
    <Filter Include="소스 파일\DeviceMgr">
      <UniqueIdentifier>{59c1d6e0-faca-4882-9e60-3cefbcf74b3e}</UniqueIdentifier>
    </Filter>
    <Filter Include="헤더 파일\Base_Header">
      <UniqueIdentifier>{e3577ad6-505f-44b5-8577-8338a400a506}</UniqueIdentifier>
    </Filter>
    <Filter Include="소스 파일\Execution">
      <UniqueIdentifier>{1a33edee-b546-4b89-adef-0bf8d23dcf45}</UniqueIdentifier>
    </Filter>
  </ItemGroup>
  <ItemGroup>
    <ClCompile Include="DeviceMgr.cpp">
      <Filter>소스 파일\DeviceMgr</Filter>
    </ClCompile>
    <ClCompile Include="Execution.cpp">
      <Filter>소스 파일\Execution</Filter>
    </ClCompile>
  </ItemGroup>
  <ItemGroup>
    <ClInclude Include="DeviceMgr.h">
      <Filter>소스 파일\DeviceMgr</Filter>
    </ClInclude>
    <ClInclude Include="stdafx.h">
      <Filter>헤더 파일</Filter>
    </ClInclude>
    <ClInclude Include="Base.h">
      <Filter>헤더 파일</Filter>
    </ClInclude>
    <ClInclude Include="macro.h">
      <Filter>헤더 파일\Base_Header</Filter>
    </ClInclude>
    <ClInclude Include="enum.h">
      <Filter>헤더 파일\Base_Header</Filter>
    </ClInclude>
    <ClInclude Include="Execution.h">
      <Filter>소스 파일\Execution</Filter>
    </ClInclude>
    <ClInclude Include="constant.h">
      <Filter>헤더 파일\Base_Header</Filter>
    </ClInclude>
  </ItemGroup>
</Project>